
Microsoft Visual Studio Solution File, Format Version 12.00
# Visual Studio 15
VisualStudioVersion = 15.0.27004.2005
MinimumVisualStudioVersion = 10.0.40219.1
Project("{2150E333-8FDC-42A3-9474-1A3956D46DE8}") = "build", "build", "{E238359E-02F4-4B6B-B451-3CE801C0E393}"
EndProject
Project("{2150E333-8FDC-42A3-9474-1A3956D46DE8}") = "src", "src", "{243695E0-61E0-4CB5-B032-54167EB126A7}"
EndProject
Project("{9A19103F-16F7-4668-BE54-9A1E7A4F7556}") = "SqlD", "src\sql-d\SqlD.csproj", "{E846BDEA-B565-4339-B088-CB50A227418F}"
EndProject
Project("{2150E333-8FDC-42A3-9474-1A3956D46DE8}") = "tests", "tests", "{5CC2E2FC-6B9D-4D89-A348-F85C27287BBC}"
EndProject
Project("{9A19103F-16F7-4668-BE54-9A1E7A4F7556}") = "SqlD.Tests", "tests\sql-d\SqlD.Tests.csproj", "{6C1B5D92-63D9-4429-8551-E8A0F0EB6519}"
EndProject
Project("{9A19103F-16F7-4668-BE54-9A1E7A4F7556}") = "sql-d", "sql-d.csproj", "{B093F860-87FF-4C3A-9941-D9183052C7D6}"
EndProject
Project("{9A19103F-16F7-4668-BE54-9A1E7A4F7556}") = "SqlD.Start.linux-x64", "src\sql-d.start.linux-x64\SqlD.Start.linux-x64.csproj", "{3754FF30-706A-4E77-A615-B727CA7F2032}"
EndProject
Project("{9A19103F-16F7-4668-BE54-9A1E7A4F7556}") = "SqlD.Start.osx-x64", "src\sql-d.start.osx-x64\SqlD.Start.osx-x64.csproj", "{B33275FD-5C1D-45C4-931F-92020B0A70B4}"
EndProject
Project("{9A19103F-16F7-4668-BE54-9A1E7A4F7556}") = "SqlD.Start.win-x64", "src\sql-d.start.win-x64\SqlD.Start.win-x64.csproj", "{35F0CCB8-B993-461F-8A74-5CB57447526D}"
EndProject
Project("{9A19103F-16F7-4668-BE54-9A1E7A4F7556}") = "SqlD.UI.win-x64", "src\sql-d.ui.win-x64\SqlD.UI.win-x64.csproj", "{6D5B8891-0AAC-4EE8-BF76-AD8DCA1F98CC}"
EndProject
Project("{9A19103F-16F7-4668-BE54-9A1E7A4F7556}") = "SqlD.UI.linux-x64", "src\sql-d.ui.linux-x64\SqlD.UI.linux-x64.csproj", "{612CF67F-5EB7-42F5-A7F3-C9D0F7BD8904}"
EndProject
Project("{9A19103F-16F7-4668-BE54-9A1E7A4F7556}") = "SqlD.UI.osx-x64", "src\sql-d.ui.osx-x64\SqlD.UI.osx-x64.csproj", "{CD22B55D-7710-490A-93A9-09C8BCC79E9B}"
EndProject
Project("{2150E333-8FDC-42A3-9474-1A3956D46DE8}") = "sql-d.start", "sql-d.start", "{31D971C2-A572-4D53-91FF-0DF3F1304C03}"
EndProject
Project("{2150E333-8FDC-42A3-9474-1A3956D46DE8}") = "sql-d.ui", "sql-d.ui", "{817BB950-F4B4-4F79-BE19-BB0E2BFC4852}"
EndProject
Project("{9A19103F-16F7-4668-BE54-9A1E7A4F7556}") = "SqlD.UI", "src\sql-d.ui\SqlD.UI.csproj", "{78F2BAB9-FEC2-4BC5-94FF-1D6FFE5A276C}"
EndProject
Global
	GlobalSection(SolutionConfigurationPlatforms) = preSolution
		Debug|Any CPU = Debug|Any CPU
		Release|Any CPU = Release|Any CPU
	EndGlobalSection
	GlobalSection(ProjectConfigurationPlatforms) = postSolution
		{E846BDEA-B565-4339-B088-CB50A227418F}.Debug|Any CPU.ActiveCfg = Debug|Any CPU
		{E846BDEA-B565-4339-B088-CB50A227418F}.Debug|Any CPU.Build.0 = Debug|Any CPU
		{E846BDEA-B565-4339-B088-CB50A227418F}.Release|Any CPU.ActiveCfg = Release|Any CPU
		{E846BDEA-B565-4339-B088-CB50A227418F}.Release|Any CPU.Build.0 = Release|Any CPU
		{6C1B5D92-63D9-4429-8551-E8A0F0EB6519}.Debug|Any CPU.ActiveCfg = Debug|Any CPU
		{6C1B5D92-63D9-4429-8551-E8A0F0EB6519}.Debug|Any CPU.Build.0 = Debug|Any CPU
		{6C1B5D92-63D9-4429-8551-E8A0F0EB6519}.Release|Any CPU.ActiveCfg = Release|Any CPU
		{6C1B5D92-63D9-4429-8551-E8A0F0EB6519}.Release|Any CPU.Build.0 = Release|Any CPU
		{B093F860-87FF-4C3A-9941-D9183052C7D6}.Debug|Any CPU.ActiveCfg = Debug|Any CPU
		{B093F860-87FF-4C3A-9941-D9183052C7D6}.Debug|Any CPU.Build.0 = Debug|Any CPU
		{B093F860-87FF-4C3A-9941-D9183052C7D6}.Release|Any CPU.ActiveCfg = Release|Any CPU
		{B093F860-87FF-4C3A-9941-D9183052C7D6}.Release|Any CPU.Build.0 = Release|Any CPU
		{3754FF30-706A-4E77-A615-B727CA7F2032}.Debug|Any CPU.ActiveCfg = Debug|Any CPU
		{3754FF30-706A-4E77-A615-B727CA7F2032}.Debug|Any CPU.Build.0 = Debug|Any CPU
		{3754FF30-706A-4E77-A615-B727CA7F2032}.Release|Any CPU.ActiveCfg = Release|Any CPU
		{3754FF30-706A-4E77-A615-B727CA7F2032}.Release|Any CPU.Build.0 = Release|Any CPU
		{B33275FD-5C1D-45C4-931F-92020B0A70B4}.Debug|Any CPU.ActiveCfg = Debug|Any CPU
		{B33275FD-5C1D-45C4-931F-92020B0A70B4}.Debug|Any CPU.Build.0 = Debug|Any CPU
		{B33275FD-5C1D-45C4-931F-92020B0A70B4}.Release|Any CPU.ActiveCfg = Release|Any CPU
		{B33275FD-5C1D-45C4-931F-92020B0A70B4}.Release|Any CPU.Build.0 = Release|Any CPU
		{35F0CCB8-B993-461F-8A74-5CB57447526D}.Debug|Any CPU.ActiveCfg = Debug|Any CPU
		{35F0CCB8-B993-461F-8A74-5CB57447526D}.Debug|Any CPU.Build.0 = Debug|Any CPU
		{35F0CCB8-B993-461F-8A74-5CB57447526D}.Release|Any CPU.ActiveCfg = Release|Any CPU
		{35F0CCB8-B993-461F-8A74-5CB57447526D}.Release|Any CPU.Build.0 = Release|Any CPU
		{6D5B8891-0AAC-4EE8-BF76-AD8DCA1F98CC}.Debug|Any CPU.ActiveCfg = Debug|Any CPU
		{6D5B8891-0AAC-4EE8-BF76-AD8DCA1F98CC}.Debug|Any CPU.Build.0 = Debug|Any CPU
		{6D5B8891-0AAC-4EE8-BF76-AD8DCA1F98CC}.Release|Any CPU.ActiveCfg = Release|Any CPU
		{6D5B8891-0AAC-4EE8-BF76-AD8DCA1F98CC}.Release|Any CPU.Build.0 = Release|Any CPU
		{612CF67F-5EB7-42F5-A7F3-C9D0F7BD8904}.Debug|Any CPU.ActiveCfg = Debug|Any CPU
		{612CF67F-5EB7-42F5-A7F3-C9D0F7BD8904}.Debug|Any CPU.Build.0 = Debug|Any CPU
		{612CF67F-5EB7-42F5-A7F3-C9D0F7BD8904}.Release|Any CPU.ActiveCfg = Release|Any CPU
		{612CF67F-5EB7-42F5-A7F3-C9D0F7BD8904}.Release|Any CPU.Build.0 = Release|Any CPU
		{CD22B55D-7710-490A-93A9-09C8BCC79E9B}.Debug|Any CPU.ActiveCfg = Debug|Any CPU
		{CD22B55D-7710-490A-93A9-09C8BCC79E9B}.Debug|Any CPU.Build.0 = Debug|Any CPU
		{CD22B55D-7710-490A-93A9-09C8BCC79E9B}.Release|Any CPU.ActiveCfg = Release|Any CPU
		{CD22B55D-7710-490A-93A9-09C8BCC79E9B}.Release|Any CPU.Build.0 = Release|Any CPU
		{78F2BAB9-FEC2-4BC5-94FF-1D6FFE5A276C}.Debug|Any CPU.ActiveCfg = Debug|Any CPU
		{78F2BAB9-FEC2-4BC5-94FF-1D6FFE5A276C}.Debug|Any CPU.Build.0 = Debug|Any CPU
		{78F2BAB9-FEC2-4BC5-94FF-1D6FFE5A276C}.Release|Any CPU.ActiveCfg = Release|Any CPU
		{78F2BAB9-FEC2-4BC5-94FF-1D6FFE5A276C}.Release|Any CPU.Build.0 = Release|Any CPU
	EndGlobalSection
	GlobalSection(SolutionProperties) = preSolution
		HideSolutionNode = FALSE
	EndGlobalSection
	GlobalSection(NestedProjects) = preSolution
		{E846BDEA-B565-4339-B088-CB50A227418F} = {243695E0-61E0-4CB5-B032-54167EB126A7}
		{6C1B5D92-63D9-4429-8551-E8A0F0EB6519} = {5CC2E2FC-6B9D-4D89-A348-F85C27287BBC}
		{B093F860-87FF-4C3A-9941-D9183052C7D6} = {E238359E-02F4-4B6B-B451-3CE801C0E393}
		{3754FF30-706A-4E77-A615-B727CA7F2032} = {31D971C2-A572-4D53-91FF-0DF3F1304C03}
		{B33275FD-5C1D-45C4-931F-92020B0A70B4} = {31D971C2-A572-4D53-91FF-0DF3F1304C03}
		{35F0CCB8-B993-461F-8A74-5CB57447526D} = {31D971C2-A572-4D53-91FF-0DF3F1304C03}
		{6D5B8891-0AAC-4EE8-BF76-AD8DCA1F98CC} = {817BB950-F4B4-4F79-BE19-BB0E2BFC4852}
		{612CF67F-5EB7-42F5-A7F3-C9D0F7BD8904} = {817BB950-F4B4-4F79-BE19-BB0E2BFC4852}
		{CD22B55D-7710-490A-93A9-09C8BCC79E9B} = {817BB950-F4B4-4F79-BE19-BB0E2BFC4852}
		{31D971C2-A572-4D53-91FF-0DF3F1304C03} = {243695E0-61E0-4CB5-B032-54167EB126A7}
		{817BB950-F4B4-4F79-BE19-BB0E2BFC4852} = {243695E0-61E0-4CB5-B032-54167EB126A7}
		{78F2BAB9-FEC2-4BC5-94FF-1D6FFE5A276C} = {817BB950-F4B4-4F79-BE19-BB0E2BFC4852}
	EndGlobalSection
	GlobalSection(ExtensibilityGlobals) = postSolution
		SolutionGuid = {1A6FCA73-005F-41E0-A9A4-74F58DA42160}
	EndGlobalSection
EndGlobal
